{
  "name": "swc-plugins",
  "lockfileVersion": 3,
  "requires": true,
  "packages": {
    "": {
      "name": "swc-plugins",
      "workspaces": [
        "packages/*"
      ]
    },
    "node_modules/@swc/core": {
      "version": "1.3.68",
      "resolved": "https://unpm.uberinternal.com/%40swc%2Fcore/-/core-1.3.68.tgz",
      "integrity": "sha1-8euguQ9SmwrMt5EO90K+iNKF5xk=",
      "hasInstallScript": true,
      "license": "Apache-2.0",
      "engines": {
        "node": ">=10"
      },
      "funding": {
        "type": "opencollective",
        "url": "https://opencollective.com/swc"
      },
      "optionalDependencies": {
        "@swc/core-darwin-arm64": "1.3.68",
        "@swc/core-darwin-x64": "1.3.68",
        "@swc/core-linux-arm-gnueabihf": "1.3.68",
        "@swc/core-linux-arm64-gnu": "1.3.68",
        "@swc/core-linux-arm64-musl": "1.3.68",
        "@swc/core-linux-x64-gnu": "1.3.68",
        "@swc/core-linux-x64-musl": "1.3.68",
        "@swc/core-win32-arm64-msvc": "1.3.68",
        "@swc/core-win32-ia32-msvc": "1.3.68",
        "@swc/core-win32-x64-msvc": "1.3.68"
      },
      "peerDependencies": {
        "@swc/helpers": "^0.5.0"
      },
      "peerDependenciesMeta": {
        "@swc/helpers": {
          "optional": true
        }
      }
    },
    "node_modules/@swc/core-darwin-arm64": {
      "version": "1.3.68",
      "resolved": "https://unpm.uberinternal.com/%40swc%2Fcore-darwin-arm64/-/core-darwin-arm64-1.3.68.tgz",
      "integrity": "sha1-z3/pVQoJ6xjmzrMDYto5iG26+dY=",
      "cpu": [
        "arm64"
      ],
      "license": "Apache-2.0 AND MIT",
      "optional": true,
      "os": [
        "darwin"
      ],
      "engines": {
        "node": ">=10"
      }
    },
    "node_modules/@swc/core-darwin-x64": {
      "version": "1.3.68",
      "resolved": "https://unpm.uberinternal.com/%40swc%2Fcore-darwin-x64/-/core-darwin-x64-1.3.68.tgz",
      "integrity": "sha1-g+EHepoPYH8qAFDbLJsohGTIhc8=",
      "cpu": [
        "x64"
      ],
      "license": "Apache-2.0 AND MIT",
      "optional": true,
      "os": [
        "darwin"
      ],
      "engines": {
        "node": ">=10"
      }
    },
    "node_modules/@swc/core-linux-arm-gnueabihf": {
      "version": "1.3.68",
      "resolved": "https://unpm.uberinternal.com/%40swc%2Fcore-linux-arm-gnueabihf/-/core-linux-arm-gnueabihf-1.3.68.tgz",
      "integrity": "sha1-wvftWZ6sX4WuLKAYyy32riViVs0=",
      "cpu": [
        "arm"
      ],
      "license": "Apache-2.0 AND MIT",
      "optional": true,
      "os": [
        "linux"
      ],
      "engines": {
        "node": ">=10"
      }
    },
    "node_modules/@swc/core-linux-arm64-gnu": {
      "version": "1.3.68",
      "resolved": "https://unpm.uberinternal.com/%40swc%2Fcore-linux-arm64-gnu/-/core-linux-arm64-gnu-1.3.68.tgz",
      "integrity": "sha1-XxBHZmi/aNZx0OI/dU+3GSA4tt8=",
      "cpu": [
        "arm64"
      ],
      "license": "Apache-2.0 AND MIT",
      "optional": true,
      "os": [
        "linux"
      ],
      "engines": {
        "node": ">=10"
      }
    },
    "node_modules/@swc/core-linux-arm64-musl": {
      "version": "1.3.68",
      "resolved": "https://unpm.uberinternal.com/%40swc%2Fcore-linux-arm64-musl/-/core-linux-arm64-musl-1.3.68.tgz",
      "integrity": "sha1-FBxXWs2EkRgB2lyT5e4bGpDX4Es=",
      "cpu": [
        "arm64"
      ],
      "license": "Apache-2.0 AND MIT",
      "optional": true,
      "os": [
        "linux"
      ],
      "engines": {
        "node": ">=10"
      }
    },
    "node_modules/@swc/core-linux-x64-gnu": {
      "version": "1.3.68",
      "resolved": "https://unpm.uberinternal.com/%40swc%2Fcore-linux-x64-gnu/-/core-linux-x64-gnu-1.3.68.tgz",
      "integrity": "sha1-2dXOshi+o40xLgQzazeisxLCnMM=",
      "cpu": [
        "x64"
      ],
      "license": "Apache-2.0 AND MIT",
      "optional": true,
      "os": [
        "linux"
      ],
      "engines": {
        "node": ">=10"
      }
    },
    "node_modules/@swc/core-linux-x64-musl": {
      "version": "1.3.68",
      "resolved": "https://unpm.uberinternal.com/%40swc%2Fcore-linux-x64-musl/-/core-linux-x64-musl-1.3.68.tgz",
      "integrity": "sha1-RAF0pjjYbwxNU95jK9Z4KlrmG1c=",
      "cpu": [
        "x64"
      ],
      "license": "Apache-2.0 AND MIT",
      "optional": true,
      "os": [
        "linux"
      ],
      "engines": {
        "node": ">=10"
      }
    },
    "node_modules/@swc/core-win32-arm64-msvc": {
      "version": "1.3.68",
      "resolved": "https://unpm.uberinternal.com/%40swc%2Fcore-win32-arm64-msvc/-/core-win32-arm64-msvc-1.3.68.tgz",
      "integrity": "sha1-wEk2xiHimQ/z6IiWzENcCU7dPik=",
      "cpu": [
        "arm64"
      ],
      "license": "Apache-2.0 AND MIT",
      "optional": true,
      "os": [
        "win32"
      ],
      "engines": {
        "node": ">=10"
      }
    },
    "node_modules/@swc/core-win32-ia32-msvc": {
      "version": "1.3.68",
      "resolved": "https://unpm.uberinternal.com/%40swc%2Fcore-win32-ia32-msvc/-/core-win32-ia32-msvc-1.3.68.tgz",
      "integrity": "sha1-1PderR/lZDbXzTZ2t9e0K/65UsE=",
      "cpu": [
        "ia32"
      ],
      "license": "Apache-2.0 AND MIT",
      "optional": true,
      "os": [
        "win32"
      ],
      "engines": {
        "node": ">=10"
      }
    },
    "node_modules/@swc/core-win32-x64-msvc": {
      "version": "1.3.68",
      "resolved": "https://unpm.uberinternal.com/%40swc%2Fcore-win32-x64-msvc/-/core-win32-x64-msvc-1.3.68.tgz",
      "integrity": "sha1-asVuh9mU3rGRf8GyQoVZnhLnp7k=",
      "cpu": [
        "x64"
      ],
      "license": "Apache-2.0 AND MIT",
      "optional": true,
      "os": [
        "win32"
      ],
      "engines": {
        "node": ">=10"
      }
    },
    "node_modules/colors": {
      "version": "1.4.0",
      "resolved": "https://unpm.uberinternal.com/colors/-/colors-1.4.0.tgz",
      "integrity": "sha1-xQSRR51MG9rtLJztMs98fcI2D3g=",
      "license": "MIT",
      "engines": {
        "node": ">=0.1.90"
      }
    },
    "node_modules/diff": {
      "version": "5.1.0",
      "resolved": "https://unpm.uberinternal.com/diff/-/diff-5.1.0.tgz",
      "integrity": "sha1-vFLSmMXqjfkZSAAiREXtQ//IfkA=",
      "license": "BSD-3-Clause",
      "engines": {
        "node": ">=0.3.1"
      }
    },
    "node_modules/fusion-js-test": {
      "resolved": "packages/fusion-js-test",
      "link": true
    },
    "node_modules/prettier": {
      "version": "2.8.8",
      "resolved": "https://unpm.uberinternal.com/prettier/-/prettier-2.8.8.tgz",
      "integrity": "sha1-6MXX6YpDBf/j3i4fxKyhpxwosdo=",
      "license": "MIT",
      "bin": {
        "prettier": "bin-prettier.js"
      },
      "engines": {
        "node": ">=10.13.0"
      },
      "funding": {
        "url": "https://github.com/prettier/prettier?sponsor=1"
      }
    },
    "node_modules/swc-plugin-fusion": {
      "resolved": "packages/fusion",
      "link": true
    },
    "packages/fusion": {
      "name": "swc-plugin-fusion",
      "version": "1.0.12",
      "license": "Apache-2.0"
    },
    "packages/fusion-js-test": {
      "version": "0.0.0",
      "license": "Apache-2.0",
      "dependencies": {
        "@swc/core": "^1.3.58",
        "colors": "^1.4.0",
        "diff": "^5.1.0",
        "prettier": "^2.8.7"
      }
    }
  }
}
