{
  "name": "swc-plugins",
  "lockfileVersion": 2,
  "requires": true,
  "packages": {
    "": {
      "name": "swc-plugins",
      "workspaces": [
        "packages/*"
      ]
    },
    "node_modules/swc-plugin-fusion": {
      "resolved": "packages/fusion",
      "link": true
    },
    "packages/fusion": {
      "name": "swc-plugin-fusion",
      "version": "1.0.4",
      "license": "Apache-2.0"
    }
  },
  "dependencies": {
    "swc-plugin-fusion": {
      "version": "file:packages/fusion"
    }
  }
}
